{
  "version": 4,
  "terraform_version": "1.6.6",
  "serial": 1,
  "lineage": "ce40428f-54c6-ed38-db34-69ab967bc89f",
  "outputs": {},
  "resources": [
    {
      "mode": "managed",
      "type": "azurerm_resource_group",
      "name": "myrg",
      "provider": "provider[\"registry.terraform.io/hashicorp/azurerm\"]",
      "instances": [
        {
          "schema_version": 0,
          "attributes": {
            "id": "/subscriptions/9745f2ec-84fe-4901-bb27-da919d116668/resourceGroups/rg-project-staging",
            "location": "eastus",
            "managed_by": "",
            "name": "rg-project-staging",
            "tags": {
              "environment": "staging",
              "owner": "sirisha"
            },
            "timeouts": null
          },
          "sensitive_attributes": [],
          "private": "eyJlMmJmYjczMC1lY2FhLTExZTYtOGY4OC0zNDM2M2JjN2M0YzAiOnsiY3JlYXRlIjo1NDAwMDAwMDAwMDAwLCJkZWxldGUiOjU0MDAwMDAwMDAwMDAsInJlYWQiOjMwMDAwMDAwMDAwMCwidXBkYXRlIjo1NDAwMDAwMDAwMDAwfX0="
        }
      ]
    }
  ],
  "check_results": null
}
