{
  "version": 4,
  "terraform_version": "1.6.6",
  "serial": 12,
  "lineage": "d5f2139d-1a5e-f5a4-ddfa-75e8531973d9",
  "outputs": {},
  "resources": [
    {
      "mode": "managed",
      "type": "azurerm_resource_group",
      "name": "myrg",
      "provider": "provider[\"registry.terraform.io/hashicorp/azurerm\"]",
      "instances": [
        {
          "index_key": "app1",
          "schema_version": 0,
          "attributes": {
            "id": "/subscriptions/38506fa1-b5c0-4583-83f5-f68f44584db1/resourceGroups/rg-demo1-app1",
            "location": "eastus",
            "managed_by": "",
            "name": "rg-demo1-app1",
            "tags": null,
            "timeouts": null
          },
          "sensitive_attributes": [],
          "private": "eyJlMmJmYjczMC1lY2FhLTExZTYtOGY4OC0zNDM2M2JjN2M0YzAiOnsiY3JlYXRlIjo1NDAwMDAwMDAwMDAwLCJkZWxldGUiOjU0MDAwMDAwMDAwMDAsInJlYWQiOjMwMDAwMDAwMDAwMCwidXBkYXRlIjo1NDAwMDAwMDAwMDAwfX0="
        },
        {
          "index_key": "app2",
          "schema_version": 0,
          "attributes": {
            "id": "/subscriptions/38506fa1-b5c0-4583-83f5-f68f44584db1/resourceGroups/rg-demo1-app2",
            "location": "eastus2",
            "managed_by": "",
            "name": "rg-demo1-app2",
            "tags": null,
            "timeouts": null
          },
          "sensitive_attributes": [],
          "private": "eyJlMmJmYjczMC1lY2FhLTExZTYtOGY4OC0zNDM2M2JjN2M0YzAiOnsiY3JlYXRlIjo1NDAwMDAwMDAwMDAwLCJkZWxldGUiOjU0MDAwMDAwMDAwMDAsInJlYWQiOjMwMDAwMDAwMDAwMCwidXBkYXRlIjo1NDAwMDAwMDAwMDAwfX0="
        },
        {
          "index_key": "app3",
          "schema_version": 0,
          "attributes": {
            "id": "/subscriptions/38506fa1-b5c0-4583-83f5-f68f44584db1/resourceGroups/rg-demo1-app3",
            "location": "westus",
            "managed_by": "",
            "name": "rg-demo1-app3",
            "tags": null,
            "timeouts": null
          },
          "sensitive_attributes": [],
          "private": "eyJlMmJmYjczMC1lY2FhLTExZTYtOGY4OC0zNDM2M2JjN2M0YzAiOnsiY3JlYXRlIjo1NDAwMDAwMDAwMDAwLCJkZWxldGUiOjU0MDAwMDAwMDAwMDAsInJlYWQiOjMwMDAwMDAwMDAwMCwidXBkYXRlIjo1NDAwMDAwMDAwMDAwfX0="
        }
      ]
    }
  ],
  "check_results": null
}
